
Microsoft Visual Studio Solution File, Format Version 12.00
# Visual Studio Version 16
VisualStudioVersion = 16.0.30503.244
MinimumVisualStudioVersion = 10.0.40219.1
Project("{FAE04EC0-301F-11D3-BF4B-00C04F79EFBC}") = "Finapp.WindowsClient", "Finapp.WindowsClient\Finapp.WindowsClient.csproj", "{72CD151B-D3BA-47B6-A856-50DC9265A201}"
EndProject
Project("{FAE04EC0-301F-11D3-BF4B-00C04F79EFBC}") = "Finapp.Connection", "Finapp.Connection\Finapp.Connection.csproj", "{FCC1E72D-F205-489C-975A-A1E069169847}"
EndProject
Global
	GlobalSection(SolutionConfigurationPlatforms) = preSolution
		Debug|Any CPU = Debug|Any CPU
		Release|Any CPU = Release|Any CPU
	EndGlobalSection
	GlobalSection(ProjectConfigurationPlatforms) = postSolution
		{72CD151B-D3BA-47B6-A856-50DC9265A201}.Debug|Any CPU.ActiveCfg = Debug|Any CPU
		{72CD151B-D3BA-47B6-A856-50DC9265A201}.Debug|Any CPU.Build.0 = Debug|Any CPU
		{72CD151B-D3BA-47B6-A856-50DC9265A201}.Release|Any CPU.ActiveCfg = Release|Any CPU
		{72CD151B-D3BA-47B6-A856-50DC9265A201}.Release|Any CPU.Build.0 = Release|Any CPU
		{FCC1E72D-F205-489C-975A-A1E069169847}.Debug|Any CPU.ActiveCfg = Debug|Any CPU
		{FCC1E72D-F205-489C-975A-A1E069169847}.Debug|Any CPU.Build.0 = Debug|Any CPU
		{FCC1E72D-F205-489C-975A-A1E069169847}.Release|Any CPU.ActiveCfg = Release|Any CPU
		{FCC1E72D-F205-489C-975A-A1E069169847}.Release|Any CPU.Build.0 = Release|Any CPU
	EndGlobalSection
	GlobalSection(SolutionProperties) = preSolution
		HideSolutionNode = FALSE
	EndGlobalSection
	GlobalSection(ExtensibilityGlobals) = postSolution
		SolutionGuid = {F467DE49-A87A-4550-A838-8233107772FE}
	EndGlobalSection
EndGlobal
